
Microsoft Visual Studio Solution File, Format Version 12.00
# Visual Studio Version 17
VisualStudioVersion = 17.2.32630.192
MinimumVisualStudioVersion = 10.0.40219.1
Project("{FAE04EC0-301F-11D3-BF4B-00C04F79EFBC}") = "CbxSitioWeb", "CbxSitioWeb\CbxSitioWeb.csproj", "{D679A4E0-C92A-4EA7-BE71-4AE4B0505E4E}"
EndProject
Global
	GlobalSection(SolutionConfigurationPlatforms) = preSolution
		Debug|Any CPU = Debug|Any CPU
		Release|Any CPU = Release|Any CPU
	EndGlobalSection
	GlobalSection(ProjectConfigurationPlatforms) = postSolution
		{D679A4E0-C92A-4EA7-BE71-4AE4B0505E4E}.Debug|Any CPU.ActiveCfg = Debug|Any CPU
		{D679A4E0-C92A-4EA7-BE71-4AE4B0505E4E}.Debug|Any CPU.Build.0 = Debug|Any CPU
		{D679A4E0-C92A-4EA7-BE71-4AE4B0505E4E}.Release|Any CPU.ActiveCfg = Release|Any CPU
		{D679A4E0-C92A-4EA7-BE71-4AE4B0505E4E}.Release|Any CPU.Build.0 = Release|Any CPU
	EndGlobalSection
	GlobalSection(SolutionProperties) = preSolution
		HideSolutionNode = FALSE
	EndGlobalSection
	GlobalSection(ExtensibilityGlobals) = postSolution
		SolutionGuid = {F2F9DB45-D68B-422E-A0A1-4B39A50A5261}
	EndGlobalSection
EndGlobal
